// !$*UTF8*$!
{
	archiveVersion = 1;
	classes = {
	};
	objectVersion = 56;
	objects = {

/* Begin PBXBuildFile section */
		057852BED9E685AD28C8AB11 /* libPods-LoginStudy.a in Frameworks */ = {isa = PBXBuildFile; fileRef = 91475CA898511D0419364985 /* libPods-LoginStudy.a */; };
		18DBB0982BDA2EB500C52394 /* LoginError.swift in Sources */ = {isa = PBXBuildFile; fileRef = 18DBB0972BDA2EB500C52394 /* LoginError.swift */; };
		18DBB09B2BDA3A4900C52394 /* Auth.swift in Sources */ = {isa = PBXBuildFile; fileRef = 18DBB09A2BDA3A4900C52394 /* Auth.swift */; };
		18DBB09D2BDA3A7F00C52394 /* AuthType.swift in Sources */ = {isa = PBXBuildFile; fileRef = 18DBB09C2BDA3A7F00C52394 /* AuthType.swift */; };
		18DBB09F2BDA3B9200C52394 /* AuthManager.swift in Sources */ = {isa = PBXBuildFile; fileRef = 18DBB09E2BDA3B9200C52394 /* AuthManager.swift */; };
		18DBB0A12BDA3BE500C52394 /* KakaoAuth.swift in Sources */ = {isa = PBXBuildFile; fileRef = 18DBB0A02BDA3BE500C52394 /* KakaoAuth.swift */; };
		18DBB0A32BDA4ADA00C52394 /* NaverAuth.swift in Sources */ = {isa = PBXBuildFile; fileRef = 18DBB0A22BDA4ADA00C52394 /* NaverAuth.swift */; };
		18DBB0A92BDA63C300C52394 /* Secret.swift in Sources */ = {isa = PBXBuildFile; fileRef = 18DBB0A82BDA63C300C52394 /* Secret.swift */; };
		18DBB0AB2BDA92F100C52394 /* GoogleAuth.swift in Sources */ = {isa = PBXBuildFile; fileRef = 18DBB0AA2BDA92F100C52394 /* GoogleAuth.swift */; };
		18DBB0AD2BDA9A5900C52394 /* credentials.plist in Resources */ = {isa = PBXBuildFile; fileRef = 18DBB0AC2BDA9A5900C52394 /* credentials.plist */; };
		18E33B1B2BD892C100296E38 /* Model.xcdatamodeld in Sources */ = {isa = PBXBuildFile; fileRef = 18E33B192BD892C000296E38 /* Model.xcdatamodeld */; };
		18E33B1D2BD8937B00296E38 /* UserRepository.swift in Sources */ = {isa = PBXBuildFile; fileRef = 18E33B1C2BD8937B00296E38 /* UserRepository.swift */; };
		18E33B212BD89A5700296E38 /* HomeViewController.swift in Sources */ = {isa = PBXBuildFile; fileRef = 18E33B202BD89A5700296E38 /* HomeViewController.swift */; };
		18FF96E62BD60B74008F0CE4 /* AppDelegate.swift in Sources */ = {isa = PBXBuildFile; fileRef = 18FF96E52BD60B74008F0CE4 /* AppDelegate.swift */; };
		18FF96E82BD60B74008F0CE4 /* SceneDelegate.swift in Sources */ = {isa = PBXBuildFile; fileRef = 18FF96E72BD60B74008F0CE4 /* SceneDelegate.swift */; };
		18FF96EA2BD60B74008F0CE4 /* LoginViewController.swift in Sources */ = {isa = PBXBuildFile; fileRef = 18FF96E92BD60B74008F0CE4 /* LoginViewController.swift */; };
		18FF96ED2BD60B74008F0CE4 /* Main.storyboard in Resources */ = {isa = PBXBuildFile; fileRef = 18FF96EB2BD60B74008F0CE4 /* Main.storyboard */; };
		18FF96EF2BD60B77008F0CE4 /* Assets.xcassets in Resources */ = {isa = PBXBuildFile; fileRef = 18FF96EE2BD60B77008F0CE4 /* Assets.xcassets */; };
		18FF96F22BD60B77008F0CE4 /* LaunchScreen.storyboard in Resources */ = {isa = PBXBuildFile; fileRef = 18FF96F02BD60B77008F0CE4 /* LaunchScreen.storyboard */; };
/* End PBXBuildFile section */

/* Begin PBXFileReference section */
		18DBB0972BDA2EB500C52394 /* LoginError.swift */ = {isa = PBXFileReference; lastKnownFileType = sourcecode.swift; path = LoginError.swift; sourceTree = "<group>"; };
		18DBB09A2BDA3A4900C52394 /* Auth.swift */ = {isa = PBXFileReference; lastKnownFileType = sourcecode.swift; path = Auth.swift; sourceTree = "<group>"; };
		18DBB09C2BDA3A7F00C52394 /* AuthType.swift */ = {isa = PBXFileReference; lastKnownFileType = sourcecode.swift; path = AuthType.swift; sourceTree = "<group>"; };
		18DBB09E2BDA3B9200C52394 /* AuthManager.swift */ = {isa = PBXFileReference; lastKnownFileType = sourcecode.swift; path = AuthManager.swift; sourceTree = "<group>"; };
		18DBB0A02BDA3BE500C52394 /* KakaoAuth.swift */ = {isa = PBXFileReference; lastKnownFileType = sourcecode.swift; path = KakaoAuth.swift; sourceTree = "<group>"; };
		18DBB0A22BDA4ADA00C52394 /* NaverAuth.swift */ = {isa = PBXFileReference; lastKnownFileType = sourcecode.swift; path = NaverAuth.swift; sourceTree = "<group>"; };
		18DBB0A82BDA63C300C52394 /* Secret.swift */ = {isa = PBXFileReference; lastKnownFileType = sourcecode.swift; path = Secret.swift; sourceTree = "<group>"; };
		18DBB0AA2BDA92F100C52394 /* GoogleAuth.swift */ = {isa = PBXFileReference; lastKnownFileType = sourcecode.swift; path = GoogleAuth.swift; sourceTree = "<group>"; };
		18DBB0AC2BDA9A5900C52394 /* credentials.plist */ = {isa = PBXFileReference; fileEncoding = 4; lastKnownFileType = text.plist.xml; path = credentials.plist; sourceTree = "<group>"; };
		18E33B1A2BD892C100296E38 /* Model.xcdatamodel */ = {isa = PBXFileReference; lastKnownFileType = wrapper.xcdatamodel; path = Model.xcdatamodel; sourceTree = "<group>"; };
		18E33B1C2BD8937B00296E38 /* UserRepository.swift */ = {isa = PBXFileReference; lastKnownFileType = sourcecode.swift; path = UserRepository.swift; sourceTree = "<group>"; };
		18E33B202BD89A5700296E38 /* HomeViewController.swift */ = {isa = PBXFileReference; lastKnownFileType = sourcecode.swift; path = HomeViewController.swift; sourceTree = "<group>"; };
		18FF96E22BD60B74008F0CE4 /* LoginStudy.app */ = {isa = PBXFileReference; explicitFileType = wrapper.application; includeInIndex = 0; path = LoginStudy.app; sourceTree = BUILT_PRODUCTS_DIR; };
		18FF96E52BD60B74008F0CE4 /* AppDelegate.swift */ = {isa = PBXFileReference; lastKnownFileType = sourcecode.swift; path = AppDelegate.swift; sourceTree = "<group>"; };
		18FF96E72BD60B74008F0CE4 /* SceneDelegate.swift */ = {isa = PBXFileReference; lastKnownFileType = sourcecode.swift; path = SceneDelegate.swift; sourceTree = "<group>"; };
		18FF96E92BD60B74008F0CE4 /* LoginViewController.swift */ = {isa = PBXFileReference; lastKnownFileType = sourcecode.swift; path = LoginViewController.swift; sourceTree = "<group>"; };
		18FF96EC2BD60B74008F0CE4 /* Base */ = {isa = PBXFileReference; lastKnownFileType = file.storyboard; name = Base; path = Base.lproj/Main.storyboard; sourceTree = "<group>"; };
		18FF96EE2BD60B77008F0CE4 /* Assets.xcassets */ = {isa = PBXFileReference; lastKnownFileType = folder.assetcatalog; path = Assets.xcassets; sourceTree = "<group>"; };
		18FF96F12BD60B77008F0CE4 /* Base */ = {isa = PBXFileReference; lastKnownFileType = file.storyboard; name = Base; path = Base.lproj/LaunchScreen.storyboard; sourceTree = "<group>"; };
		18FF96F32BD60B77008F0CE4 /* Info.plist */ = {isa = PBXFileReference; lastKnownFileType = text.plist.xml; path = Info.plist; sourceTree = "<group>"; };
		91475CA898511D0419364985 /* libPods-LoginStudy.a */ = {isa = PBXFileReference; explicitFileType = archive.ar; includeInIndex = 0; path = "libPods-LoginStudy.a"; sourceTree = BUILT_PRODUCTS_DIR; };
		AA97AC8A0DE30C8B526D0AC7 /* Pods-LoginStudy.release.xcconfig */ = {isa = PBXFileReference; includeInIndex = 1; lastKnownFileType = text.xcconfig; name = "Pods-LoginStudy.release.xcconfig"; path = "Target Support Files/Pods-LoginStudy/Pods-LoginStudy.release.xcconfig"; sourceTree = "<group>"; };
		C1063A75B0A232D91CC092C6 /* Pods-LoginStudy.debug.xcconfig */ = {isa = PBXFileReference; includeInIndex = 1; lastKnownFileType = text.xcconfig; name = "Pods-LoginStudy.debug.xcconfig"; path = "Target Support Files/Pods-LoginStudy/Pods-LoginStudy.debug.xcconfig"; sourceTree = "<group>"; };
/* End PBXFileReference section */

/* Begin PBXFrameworksBuildPhase section */
		18FF96DF2BD60B74008F0CE4 /* Frameworks */ = {
			isa = PBXFrameworksBuildPhase;
			buildActionMask = 2147483647;
			files = (
				057852BED9E685AD28C8AB11 /* libPods-LoginStudy.a in Frameworks */,
			);
			runOnlyForDeploymentPostprocessing = 0;
		};
/* End PBXFrameworksBuildPhase section */

/* Begin PBXGroup section */
		18DBB0912BD9FA7800C52394 /* Screen */ = {
			isa = PBXGroup;
			children = (
				18E33B202BD89A5700296E38 /* HomeViewController.swift */,
				18FF96E92BD60B74008F0CE4 /* LoginViewController.swift */,
			);
			path = Screen;
			sourceTree = "<group>";
		};
		18DBB0922BD9FABB00C52394 /* StoryBoard */ = {
			isa = PBXGroup;
			children = (
				18FF96EB2BD60B74008F0CE4 /* Main.storyboard */,
			);
			path = StoryBoard;
			sourceTree = "<group>";
		};
		18DBB0992BDA3A4100C52394 /* Auth */ = {
			isa = PBXGroup;
			children = (
				18DBB09A2BDA3A4900C52394 /* Auth.swift */,
				18DBB09C2BDA3A7F00C52394 /* AuthType.swift */,
				18DBB09E2BDA3B9200C52394 /* AuthManager.swift */,
				18DBB0AA2BDA92F100C52394 /* GoogleAuth.swift */,
				18DBB0A02BDA3BE500C52394 /* KakaoAuth.swift */,
				18DBB0A22BDA4ADA00C52394 /* NaverAuth.swift */,
			);
			path = Auth;
			sourceTree = "<group>";
		};
		18FF96D92BD60B74008F0CE4 = {
			isa = PBXGroup;
			children = (
				18FF96E42BD60B74008F0CE4 /* LoginStudy */,
				18FF96E32BD60B74008F0CE4 /* Products */,
				B5FAF75935F521E610B4275A /* Pods */,
				930DC0EC88E8816D81F80299 /* Frameworks */,
			);
			sourceTree = "<group>";
		};
		18FF96E32BD60B74008F0CE4 /* Products */ = {
			isa = PBXGroup;
			children = (
				18FF96E22BD60B74008F0CE4 /* LoginStudy.app */,
			);
			name = Products;
			sourceTree = "<group>";
		};
		18FF96E42BD60B74008F0CE4 /* LoginStudy */ = {
			isa = PBXGroup;
			children = (
				18DBB0992BDA3A4100C52394 /* Auth */,
				18DBB0922BD9FABB00C52394 /* StoryBoard */,
				18DBB0912BD9FA7800C52394 /* Screen */,
				18FF96E52BD60B74008F0CE4 /* AppDelegate.swift */,
				18FF96E72BD60B74008F0CE4 /* SceneDelegate.swift */,
				18DBB0972BDA2EB500C52394 /* LoginError.swift */,
				18E33B1C2BD8937B00296E38 /* UserRepository.swift */,
				18E33B192BD892C000296E38 /* Model.xcdatamodeld */,
				18FF96EE2BD60B77008F0CE4 /* Assets.xcassets */,
				18FF96F02BD60B77008F0CE4 /* LaunchScreen.storyboard */,
				18DBB0AC2BDA9A5900C52394 /* credentials.plist */,
				18FF96F32BD60B77008F0CE4 /* Info.plist */,
				18DBB0A82BDA63C300C52394 /* Secret.swift */,
			);
			path = LoginStudy;
			sourceTree = "<group>";
		};
		930DC0EC88E8816D81F80299 /* Frameworks */ = {
			isa = PBXGroup;
			children = (
				91475CA898511D0419364985 /* libPods-LoginStudy.a */,
			);
			name = Frameworks;
			sourceTree = "<group>";
		};
		B5FAF75935F521E610B4275A /* Pods */ = {
			isa = PBXGroup;
			children = (
				C1063A75B0A232D91CC092C6 /* Pods-LoginStudy.debug.xcconfig */,
				AA97AC8A0DE30C8B526D0AC7 /* Pods-LoginStudy.release.xcconfig */,
			);
			path = Pods;
			sourceTree = "<group>";
		};
/* End PBXGroup section */

/* Begin PBXNativeTarget section */
		18FF96E12BD60B74008F0CE4 /* LoginStudy */ = {
			isa = PBXNativeTarget;
			buildConfigurationList = 18FF96F62BD60B77008F0CE4 /* Build configuration list for PBXNativeTarget "LoginStudy" */;
			buildPhases = (
				15A1DC8F13424620771968E6 /* [CP] Check Pods Manifest.lock */,
				18FF96DE2BD60B74008F0CE4 /* Sources */,
				18FF96DF2BD60B74008F0CE4 /* Frameworks */,
				18FF96E02BD60B74008F0CE4 /* Resources */,
				93F5D4620F82417E10AA9FC4 /* [CP] Embed Pods Frameworks */,
				FDF23354E1DC684B243DA784 /* [CP] Copy Pods Resources */,
			);
			buildRules = (
			);
			dependencies = (
			);
			name = LoginStudy;
			productName = LoginStudy;
			productReference = 18FF96E22BD60B74008F0CE4 /* LoginStudy.app */;
			productType = "com.apple.product-type.application";
		};
/* End PBXNativeTarget section */

/* Begin PBXProject section */
		18FF96DA2BD60B74008F0CE4 /* Project object */ = {
			isa = PBXProject;
			attributes = {
				BuildIndependentTargetsInParallel = 1;
				LastSwiftUpdateCheck = 1430;
				LastUpgradeCheck = 1430;
				TargetAttributes = {
					18FF96E12BD60B74008F0CE4 = {
						CreatedOnToolsVersion = 14.3.1;
					};
				};
			};
			buildConfigurationList = 18FF96DD2BD60B74008F0CE4 /* Build configuration list for PBXProject "LoginStudy" */;
			compatibilityVersion = "Xcode 14.0";
			developmentRegion = en;
			hasScannedForEncodings = 0;
			knownRegions = (
				en,
				Base,
			);
			mainGroup = 18FF96D92BD60B74008F0CE4;
			productRefGroup = 18FF96E32BD60B74008F0CE4 /* Products */;
			projectDirPath = "";
			projectRoot = "";
			targets = (
				18FF96E12BD60B74008F0CE4 /* LoginStudy */,
			);
		};
/* End PBXProject section */

/* Begin PBXResourcesBuildPhase section */
		18FF96E02BD60B74008F0CE4 /* Resources */ = {
			isa = PBXResourcesBuildPhase;
			buildActionMask = 2147483647;
			files = (
				18FF96F22BD60B77008F0CE4 /* LaunchScreen.storyboard in Resources */,
				18FF96EF2BD60B77008F0CE4 /* Assets.xcassets in Resources */,
				18FF96ED2BD60B74008F0CE4 /* Main.storyboard in Resources */,
				18DBB0AD2BDA9A5900C52394 /* credentials.plist in Resources */,
			);
			runOnlyForDeploymentPostprocessing = 0;
		};
/* End PBXResourcesBuildPhase section */

/* Begin PBXShellScriptBuildPhase section */
		15A1DC8F13424620771968E6 /* [CP] Check Pods Manifest.lock */ = {
			isa = PBXShellScriptBuildPhase;
			buildActionMask = 2147483647;
			files = (
			);
			inputFileListPaths = (
			);
			inputPaths = (
				"${PODS_PODFILE_DIR_PATH}/Podfile.lock",
				"${PODS_ROOT}/Manifest.lock",
			);
			name = "[CP] Check Pods Manifest.lock";
			outputFileListPaths = (
			);
			outputPaths = (
				"$(DERIVED_FILE_DIR)/Pods-LoginStudy-checkManifestLockResult.txt",
			);
			runOnlyForDeploymentPostprocessing = 0;
			shellPath = /bin/sh;
			shellScript = "diff \"${PODS_PODFILE_DIR_PATH}/Podfile.lock\" \"${PODS_ROOT}/Manifest.lock\" > /dev/null\nif [ $? != 0 ] ; then\n    # print error to STDERR\n    echo \"error: The sandbox is not in sync with the Podfile.lock. Run 'pod install' or update your CocoaPods installation.\" >&2\n    exit 1\nfi\n# This output is used by Xcode 'outputs' to avoid re-running this script phase.\necho \"SUCCESS\" > \"${SCRIPT_OUTPUT_FILE_0}\"\n";
			showEnvVarsInLog = 0;
		};
		93F5D4620F82417E10AA9FC4 /* [CP] Embed Pods Frameworks */ = {
			isa = PBXShellScriptBuildPhase;
			buildActionMask = 2147483647;
			files = (
			);
			inputFileListPaths = (
				"${PODS_ROOT}/Target Support Files/Pods-LoginStudy/Pods-LoginStudy-frameworks-${CONFIGURATION}-input-files.xcfilelist",
			);
			name = "[CP] Embed Pods Frameworks";
			outputFileListPaths = (
				"${PODS_ROOT}/Target Support Files/Pods-LoginStudy/Pods-LoginStudy-frameworks-${CONFIGURATION}-output-files.xcfilelist",
			);
			runOnlyForDeploymentPostprocessing = 0;
			shellPath = /bin/sh;
			shellScript = "\"${PODS_ROOT}/Target Support Files/Pods-LoginStudy/Pods-LoginStudy-frameworks.sh\"\n";
			showEnvVarsInLog = 0;
		};
		FDF23354E1DC684B243DA784 /* [CP] Copy Pods Resources */ = {
			isa = PBXShellScriptBuildPhase;
			buildActionMask = 2147483647;
			files = (
			);
			inputFileListPaths = (
				"${PODS_ROOT}/Target Support Files/Pods-LoginStudy/Pods-LoginStudy-resources-${CONFIGURATION}-input-files.xcfilelist",
			);
			name = "[CP] Copy Pods Resources";
			outputFileListPaths = (
				"${PODS_ROOT}/Target Support Files/Pods-LoginStudy/Pods-LoginStudy-resources-${CONFIGURATION}-output-files.xcfilelist",
			);
			runOnlyForDeploymentPostprocessing = 0;
			shellPath = /bin/sh;
			shellScript = "\"${PODS_ROOT}/Target Support Files/Pods-LoginStudy/Pods-LoginStudy-resources.sh\"\n";
			showEnvVarsInLog = 0;
		};
/* End PBXShellScriptBuildPhase section */

/* Begin PBXSourcesBuildPhase section */
		18FF96DE2BD60B74008F0CE4 /* Sources */ = {
			isa = PBXSourcesBuildPhase;
			buildActionMask = 2147483647;
			files = (
				18DBB0A12BDA3BE500C52394 /* KakaoAuth.swift in Sources */,
				18FF96EA2BD60B74008F0CE4 /* LoginViewController.swift in Sources */,
				18FF96E62BD60B74008F0CE4 /* AppDelegate.swift in Sources */,
				18FF96E82BD60B74008F0CE4 /* SceneDelegate.swift in Sources */,
				18DBB0AB2BDA92F100C52394 /* GoogleAuth.swift in Sources */,
				18DBB0A32BDA4ADA00C52394 /* NaverAuth.swift in Sources */,
				18E33B1D2BD8937B00296E38 /* UserRepository.swift in Sources */,
				18E33B1B2BD892C100296E38 /* Model.xcdatamodeld in Sources */,
				18E33B212BD89A5700296E38 /* HomeViewController.swift in Sources */,
				18DBB09D2BDA3A7F00C52394 /* AuthType.swift in Sources */,
				18DBB0A92BDA63C300C52394 /* Secret.swift in Sources */,
				18DBB0982BDA2EB500C52394 /* LoginError.swift in Sources */,
				18DBB09B2BDA3A4900C52394 /* Auth.swift in Sources */,
				18DBB09F2BDA3B9200C52394 /* AuthManager.swift in Sources */,
			);
			runOnlyForDeploymentPostprocessing = 0;
		};
/* End PBXSourcesBuildPhase section */

/* Begin PBXVariantGroup section */
		18FF96EB2BD60B74008F0CE4 /* Main.storyboard */ = {
			isa = PBXVariantGroup;
			children = (
				18FF96EC2BD60B74008F0CE4 /* Base */,
			);
			name = Main.storyboard;
			sourceTree = "<group>";
		};
		18FF96F02BD60B77008F0CE4 /* LaunchScreen.storyboard */ = {
			isa = PBXVariantGroup;
			children = (
				18FF96F12BD60B77008F0CE4 /* Base */,
			);
			name = LaunchScreen.storyboard;
			sourceTree = "<group>";
		};
/* End PBXVariantGroup section */

/* Begin XCBuildConfiguration section */
		18FF96F42BD60B77008F0CE4 /* Debug */ = {
			isa = XCBuildConfiguration;
			buildSettings = {
				ALWAYS_SEARCH_USER_PATHS = NO;
				CLANG_ANALYZER_NONNULL = YES;
				CLANG_ANALYZER_NUMBER_OBJECT_CONVERSION = YES_AGGRESSIVE;
				CLANG_CXX_LANGUAGE_STANDARD = "gnu++20";
				CLANG_ENABLE_MODULES = YES;
				CLANG_ENABLE_OBJC_ARC = YES;
				CLANG_ENABLE_OBJC_WEAK = YES;
				CLANG_WARN_BLOCK_CAPTURE_AUTORELEASING = YES;
				CLANG_WARN_BOOL_CONVERSION = YES;
				CLANG_WARN_COMMA = YES;
				CLANG_WARN_CONSTANT_CONVERSION = YES;
				CLANG_WARN_DEPRECATED_OBJC_IMPLEMENTATIONS = YES;
				CLANG_WARN_DIRECT_OBJC_ISA_USAGE = YES_ERROR;
				CLANG_WARN_DOCUMENTATION_COMMENTS = YES;
				CLANG_WARN_EMPTY_BODY = YES;
				CLANG_WARN_ENUM_CONVERSION = YES;
				CLANG_WARN_INFINITE_RECURSION = YES;
				CLANG_WARN_INT_CONVERSION = YES;
				CLANG_WARN_NON_LITERAL_NULL_CONVERSION = YES;
				CLANG_WARN_OBJC_IMPLICIT_RETAIN_SELF = YES;
				CLANG_WARN_OBJC_LITERAL_CONVERSION = YES;
				CLANG_WARN_OBJC_ROOT_CLASS = YES_ERROR;
				CLANG_WARN_QUOTED_INCLUDE_IN_FRAMEWORK_HEADER = YES;
				CLANG_WARN_RANGE_LOOP_ANALYSIS = YES;
				CLANG_WARN_STRICT_PROTOTYPES = YES;
				CLANG_WARN_SUSPICIOUS_MOVE = YES;
				CLANG_WARN_UNGUARDED_AVAILABILITY = YES_AGGRESSIVE;
				CLANG_WARN_UNREACHABLE_CODE = YES;
				CLANG_WARN__DUPLICATE_METHOD_MATCH = YES;
				COPY_PHASE_STRIP = NO;
				DEBUG_INFORMATION_FORMAT = dwarf;
				ENABLE_STRICT_OBJC_MSGSEND = YES;
				ENABLE_TESTABILITY = YES;
				GCC_C_LANGUAGE_STANDARD = gnu11;
				GCC_DYNAMIC_NO_PIC = NO;
				GCC_NO_COMMON_BLOCKS = YES;
				GCC_OPTIMIZATION_LEVEL = 0;
				GCC_PREPROCESSOR_DEFINITIONS = (
					"DEBUG=1",
					"$(inherited)",
				);
				GCC_WARN_64_TO_32_BIT_CONVERSION = YES;
				GCC_WARN_ABOUT_RETURN_TYPE = YES_ERROR;
				GCC_WARN_UNDECLARED_SELECTOR = YES;
				GCC_WARN_UNINITIALIZED_AUTOS = YES_AGGRESSIVE;
				GCC_WARN_UNUSED_FUNCTION = YES;
				GCC_WARN_UNUSED_VARIABLE = YES;
				IPHONEOS_DEPLOYMENT_TARGET = 13.0;
				MTL_ENABLE_DEBUG_INFO = INCLUDE_SOURCE;
				MTL_FAST_MATH = YES;
				ONLY_ACTIVE_ARCH = YES;
				SDKROOT = iphoneos;
				SWIFT_ACTIVE_COMPILATION_CONDITIONS = DEBUG;
				SWIFT_OPTIMIZATION_LEVEL = "-Onone";
			};
			name = Debug;
		};
		18FF96F52BD60B77008F0CE4 /* Release */ = {
			isa = XCBuildConfiguration;
			buildSettings = {
				ALWAYS_SEARCH_USER_PATHS = NO;
				CLANG_ANALYZER_NONNULL = YES;
				CLANG_ANALYZER_NUMBER_OBJECT_CONVERSION = YES_AGGRESSIVE;
				CLANG_CXX_LANGUAGE_STANDARD = "gnu++20";
				CLANG_ENABLE_MODULES = YES;
				CLANG_ENABLE_OBJC_ARC = YES;
				CLANG_ENABLE_OBJC_WEAK = YES;
				CLANG_WARN_BLOCK_CAPTURE_AUTORELEASING = YES;
				CLANG_WARN_BOOL_CONVERSION = YES;
				CLANG_WARN_COMMA = YES;
				CLANG_WARN_CONSTANT_CONVERSION = YES;
				CLANG_WARN_DEPRECATED_OBJC_IMPLEMENTATIONS = YES;
				CLANG_WARN_DIRECT_OBJC_ISA_USAGE = YES_ERROR;
				CLANG_WARN_DOCUMENTATION_COMMENTS = YES;
				CLANG_WARN_EMPTY_BODY = YES;
				CLANG_WARN_ENUM_CONVERSION = YES;
				CLANG_WARN_INFINITE_RECURSION = YES;
				CLANG_WARN_INT_CONVERSION = YES;
				CLANG_WARN_NON_LITERAL_NULL_CONVERSION = YES;
				CLANG_WARN_OBJC_IMPLICIT_RETAIN_SELF = YES;
				CLANG_WARN_OBJC_LITERAL_CONVERSION = YES;
				CLANG_WARN_OBJC_ROOT_CLASS = YES_ERROR;
				CLANG_WARN_QUOTED_INCLUDE_IN_FRAMEWORK_HEADER = YES;
				CLANG_WARN_RANGE_LOOP_ANALYSIS = YES;
				CLANG_WARN_STRICT_PROTOTYPES = YES;
				CLANG_WARN_SUSPICIOUS_MOVE = YES;
				CLANG_WARN_UNGUARDED_AVAILABILITY = YES_AGGRESSIVE;
				CLANG_WARN_UNREACHABLE_CODE = YES;
				CLANG_WARN__DUPLICATE_METHOD_MATCH = YES;
				COPY_PHASE_STRIP = NO;
				DEBUG_INFORMATION_FORMAT = "dwarf-with-dsym";
				ENABLE_NS_ASSERTIONS = NO;
				ENABLE_STRICT_OBJC_MSGSEND = YES;
				GCC_C_LANGUAGE_STANDARD = gnu11;
				GCC_NO_COMMON_BLOCKS = YES;
				GCC_WARN_64_TO_32_BIT_CONVERSION = YES;
				GCC_WARN_ABOUT_RETURN_TYPE = YES_ERROR;
				GCC_WARN_UNDECLARED_SELECTOR = YES;
				GCC_WARN_UNINITIALIZED_AUTOS = YES_AGGRESSIVE;
				GCC_WARN_UNUSED_FUNCTION = YES;
				GCC_WARN_UNUSED_VARIABLE = YES;
				IPHONEOS_DEPLOYMENT_TARGET = 13.0;
				MTL_ENABLE_DEBUG_INFO = NO;
				MTL_FAST_MATH = YES;
				SDKROOT = iphoneos;
				SWIFT_COMPILATION_MODE = wholemodule;
				SWIFT_OPTIMIZATION_LEVEL = "-O";
				VALIDATE_PRODUCT = YES;
			};
			name = Release;
		};
		18FF96F72BD60B77008F0CE4 /* Debug */ = {
			isa = XCBuildConfiguration;
			baseConfigurationReference = C1063A75B0A232D91CC092C6 /* Pods-LoginStudy.debug.xcconfig */;
			buildSettings = {
				ASSETCATALOG_COMPILER_APPICON_NAME = AppIcon;
				ASSETCATALOG_COMPILER_GLOBAL_ACCENT_COLOR_NAME = AccentColor;
				CODE_SIGN_STYLE = Automatic;
				CURRENT_PROJECT_VERSION = 1;
				DEVELOPMENT_TEAM = 2YK85BG576;
				GENERATE_INFOPLIST_FILE = YES;
				INFOPLIST_FILE = LoginStudy/Info.plist;
				INFOPLIST_KEY_UIApplicationSupportsIndirectInputEvents = YES;
				INFOPLIST_KEY_UILaunchStoryboardName = LaunchScreen;
				INFOPLIST_KEY_UIMainStoryboardFile = Main;
				INFOPLIST_KEY_UISupportedInterfaceOrientations_iPad = "UIInterfaceOrientationPortrait UIInterfaceOrientationPortraitUpsideDown UIInterfaceOrientationLandscapeLeft UIInterfaceOrientationLandscapeRight";
				INFOPLIST_KEY_UISupportedInterfaceOrientations_iPhone = "UIInterfaceOrientationPortrait UIInterfaceOrientationLandscapeLeft UIInterfaceOrientationLandscapeRight";
				IPHONEOS_DEPLOYMENT_TARGET = 13.0;
				LD_RUNPATH_SEARCH_PATHS = (
					"$(inherited)",
					"@executable_path/Frameworks",
				);
				MARKETING_VERSION = 1.0;
				PRODUCT_BUNDLE_IDENTIFIER = KD.LoginStudy;
				PRODUCT_NAME = "$(TARGET_NAME)";
				SWIFT_EMIT_LOC_STRINGS = YES;
				SWIFT_VERSION = 5.0;
				TARGETED_DEVICE_FAMILY = "1,2";
			};
			name = Debug;
		};
		18FF96F82BD60B77008F0CE4 /* Release */ = {
			isa = XCBuildConfiguration;
			baseConfigurationReference = AA97AC8A0DE30C8B526D0AC7 /* Pods-LoginStudy.release.xcconfig */;
			buildSettings = {
				ASSETCATALOG_COMPILER_APPICON_NAME = AppIcon;
				ASSETCATALOG_COMPILER_GLOBAL_ACCENT_COLOR_NAME = AccentColor;
				CODE_SIGN_STYLE = Automatic;
				CURRENT_PROJECT_VERSION = 1;
				DEVELOPMENT_TEAM = 2YK85BG576;
				GENERATE_INFOPLIST_FILE = YES;
				INFOPLIST_FILE = LoginStudy/Info.plist;
				INFOPLIST_KEY_UIApplicationSupportsIndirectInputEvents = YES;
				INFOPLIST_KEY_UILaunchStoryboardName = LaunchScreen;
				INFOPLIST_KEY_UIMainStoryboardFile = Main;
				INFOPLIST_KEY_UISupportedInterfaceOrientations_iPad = "UIInterfaceOrientationPortrait UIInterfaceOrientationPortraitUpsideDown UIInterfaceOrientationLandscapeLeft UIInterfaceOrientationLandscapeRight";
				INFOPLIST_KEY_UISupportedInterfaceOrientations_iPhone = "UIInterfaceOrientationPortrait UIInterfaceOrientationLandscapeLeft UIInterfaceOrientationLandscapeRight";
				IPHONEOS_DEPLOYMENT_TARGET = 13.0;
				LD_RUNPATH_SEARCH_PATHS = (
					"$(inherited)",
					"@executable_path/Frameworks",
				);
				MARKETING_VERSION = 1.0;
				PRODUCT_BUNDLE_IDENTIFIER = KD.LoginStudy;
				PRODUCT_NAME = "$(TARGET_NAME)";
				SWIFT_EMIT_LOC_STRINGS = YES;
				SWIFT_VERSION = 5.0;
				TARGETED_DEVICE_FAMILY = "1,2";
			};
			name = Release;
		};
/* End XCBuildConfiguration section */

/* Begin XCConfigurationList section */
		18FF96DD2BD60B74008F0CE4 /* Build configuration list for PBXProject "LoginStudy" */ = {
			isa = XCConfigurationList;
			buildConfigurations = (
				18FF96F42BD60B77008F0CE4 /* Debug */,
				18FF96F52BD60B77008F0CE4 /* Release */,
			);
			defaultConfigurationIsVisible = 0;
			defaultConfigurationName = Release;
		};
		18FF96F62BD60B77008F0CE4 /* Build configuration list for PBXNativeTarget "LoginStudy" */ = {
			isa = XCConfigurationList;
			buildConfigurations = (
				18FF96F72BD60B77008F0CE4 /* Debug */,
				18FF96F82BD60B77008F0CE4 /* Release */,
			);
			defaultConfigurationIsVisible = 0;
			defaultConfigurationName = Release;
		};
/* End XCConfigurationList section */

/* Begin XCVersionGroup section */
		18E33B192BD892C000296E38 /* Model.xcdatamodeld */ = {
			isa = XCVersionGroup;
			children = (
				18E33B1A2BD892C100296E38 /* Model.xcdatamodel */,
			);
			currentVersion = 18E33B1A2BD892C100296E38 /* Model.xcdatamodel */;
			path = Model.xcdatamodeld;
			sourceTree = "<group>";
			versionGroupType = wrapper.xcdatamodel;
		};
/* End XCVersionGroup section */
	};
	rootObject = 18FF96DA2BD60B74008F0CE4 /* Project object */;
}
